// !$*UTF8*$!
{
	archiveVersion = 1;
	classes = {
	};
	objectVersion = 50;
	objects = {

/* Begin PBXBuildFile section */
		A78E82272177693E007C5FB5 /* AppDelegate.swift in Sources */ = {isa = PBXBuildFile; fileRef = A78E82262177693E007C5FB5 /* AppDelegate.swift */; };
		A78E82292177693E007C5FB5 /* ViewController.swift in Sources */ = {isa = PBXBuildFile; fileRef = A78E82282177693E007C5FB5 /* ViewController.swift */; };
		A78E822E2177693F007C5FB5 /* Assets.xcassets in Resources */ = {isa = PBXBuildFile; fileRef = A78E822D2177693F007C5FB5 /* Assets.xcassets */; };
		A78E82312177693F007C5FB5 /* LaunchScreen.storyboard in Resources */ = {isa = PBXBuildFile; fileRef = A78E822F2177693F007C5FB5 /* LaunchScreen.storyboard */; };
		A78E823C2177693F007C5FB5 /* AppStoreViewerTests.swift in Sources */ = {isa = PBXBuildFile; fileRef = A78E823B2177693F007C5FB5 /* AppStoreViewerTests.swift */; };
/* End PBXBuildFile section */

/* Begin PBXContainerItemProxy section */
		A78E82382177693F007C5FB5 /* PBXContainerItemProxy */ = {
			isa = PBXContainerItemProxy;
			containerPortal = A78E821B2177693E007C5FB5 /* Project object */;
			proxyType = 1;
			remoteGlobalIDString = A78E82222177693E007C5FB5;
			remoteInfo = AppStoreViewer;
		};
/* End PBXContainerItemProxy section */

/* Begin PBXFileReference section */
		A78E82232177693E007C5FB5 /* AppStoreViewer.app */ = {isa = PBXFileReference; explicitFileType = wrapper.application; includeInIndex = 0; path = AppStoreViewer.app; sourceTree = BUILT_PRODUCTS_DIR; };
		A78E82262177693E007C5FB5 /* AppDelegate.swift */ = {isa = PBXFileReference; lastKnownFileType = sourcecode.swift; path = AppDelegate.swift; sourceTree = "<group>"; };
		A78E82282177693E007C5FB5 /* ViewController.swift */ = {isa = PBXFileReference; lastKnownFileType = sourcecode.swift; path = ViewController.swift; sourceTree = "<group>"; };
		A78E822D2177693F007C5FB5 /* Assets.xcassets */ = {isa = PBXFileReference; lastKnownFileType = folder.assetcatalog; path = Assets.xcassets; sourceTree = "<group>"; };
		A78E82302177693F007C5FB5 /* Base */ = {isa = PBXFileReference; lastKnownFileType = file.storyboard; name = Base; path = Base.lproj/LaunchScreen.storyboard; sourceTree = "<group>"; };
		A78E82322177693F007C5FB5 /* Info.plist */ = {isa = PBXFileReference; lastKnownFileType = text.plist.xml; path = Info.plist; sourceTree = "<group>"; };
		A78E82372177693F007C5FB5 /* AppStoreViewerTests.xctest */ = {isa = PBXFileReference; explicitFileType = wrapper.cfbundle; includeInIndex = 0; path = AppStoreViewerTests.xctest; sourceTree = BUILT_PRODUCTS_DIR; };
		A78E823B2177693F007C5FB5 /* AppStoreViewerTests.swift */ = {isa = PBXFileReference; lastKnownFileType = sourcecode.swift; path = AppStoreViewerTests.swift; sourceTree = "<group>"; };
		A78E823D2177693F007C5FB5 /* Info.plist */ = {isa = PBXFileReference; lastKnownFileType = text.plist.xml; path = Info.plist; sourceTree = "<group>"; };
		A78E824921776C5F007C5FB5 /* AppStoreTopApps.playground */ = {isa = PBXFileReference; lastKnownFileType = file.playground; path = AppStoreTopApps.playground; sourceTree = "<group>"; xcLanguageSpecificationIdentifier = xcode.lang.swift; };
/* End PBXFileReference section */

/* Begin PBXFrameworksBuildPhase section */
		A78E82202177693E007C5FB5 /* Frameworks */ = {
			isa = PBXFrameworksBuildPhase;
			buildActionMask = 2147483647;
			files = (
			);
			runOnlyForDeploymentPostprocessing = 0;
		};
		A78E82342177693F007C5FB5 /* Frameworks */ = {
			isa = PBXFrameworksBuildPhase;
			buildActionMask = 2147483647;
			files = (
			);
			runOnlyForDeploymentPostprocessing = 0;
		};
/* End PBXFrameworksBuildPhase section */

/* Begin PBXGroup section */
		A78E821A2177693E007C5FB5 = {
			isa = PBXGroup;
			children = (
				A78E824821776C11007C5FB5 /* Playgrounds */,
				A78E82252177693E007C5FB5 /* AppStoreViewer */,
				A78E823A2177693F007C5FB5 /* AppStoreViewerTests */,
				A78E82242177693E007C5FB5 /* Products */,
			);
			sourceTree = "<group>";
		};
		A78E82242177693E007C5FB5 /* Products */ = {
			isa = PBXGroup;
			children = (
				A78E82232177693E007C5FB5 /* AppStoreViewer.app */,
				A78E82372177693F007C5FB5 /* AppStoreViewerTests.xctest */,
			);
			name = Products;
			sourceTree = "<group>";
		};
		A78E82252177693E007C5FB5 /* AppStoreViewer */ = {
			isa = PBXGroup;
			children = (
				A78E824721776A16007C5FB5 /* Classes */,
				A78E8246217769FF007C5FB5 /* Supporting Files */,
			);
			path = AppStoreViewer;
			sourceTree = "<group>";
		};
		A78E823A2177693F007C5FB5 /* AppStoreViewerTests */ = {
			isa = PBXGroup;
			children = (
				A78E823B2177693F007C5FB5 /* AppStoreViewerTests.swift */,
				A78E823D2177693F007C5FB5 /* Info.plist */,
			);
			path = AppStoreViewerTests;
			sourceTree = "<group>";
		};
		A78E8246217769FF007C5FB5 /* Supporting Files */ = {
			isa = PBXGroup;
			children = (
				A78E822D2177693F007C5FB5 /* Assets.xcassets */,
				A78E822F2177693F007C5FB5 /* LaunchScreen.storyboard */,
				A78E82322177693F007C5FB5 /* Info.plist */,
			);
			path = "Supporting Files";
			sourceTree = "<group>";
		};
		A78E824721776A16007C5FB5 /* Classes */ = {
			isa = PBXGroup;
			children = (
				A78E82262177693E007C5FB5 /* AppDelegate.swift */,
				A78E82282177693E007C5FB5 /* ViewController.swift */,
			);
			path = Classes;
			sourceTree = "<group>";
		};
		A78E824821776C11007C5FB5 /* Playgrounds */ = {
			isa = PBXGroup;
			children = (
				A78E824921776C5F007C5FB5 /* AppStoreTopApps.playground */,
			);
			path = Playgrounds;
			sourceTree = "<group>";
		};
/* End PBXGroup section */

/* Begin PBXNativeTarget section */
		A78E82222177693E007C5FB5 /* AppStoreViewer */ = {
			isa = PBXNativeTarget;
			buildConfigurationList = A78E82402177693F007C5FB5 /* Build configuration list for PBXNativeTarget "AppStoreViewer" */;
			buildPhases = (
				A78E821F2177693E007C5FB5 /* Sources */,
				A78E82202177693E007C5FB5 /* Frameworks */,
				A78E82212177693E007C5FB5 /* Resources */,
			);
			buildRules = (
			);
			dependencies = (
			);
			name = AppStoreViewer;
			productName = AppStoreViewer;
			productReference = A78E82232177693E007C5FB5 /* AppStoreViewer.app */;
			productType = "com.apple.product-type.application";
		};
		A78E82362177693F007C5FB5 /* AppStoreViewerTests */ = {
			isa = PBXNativeTarget;
			buildConfigurationList = A78E82432177693F007C5FB5 /* Build configuration list for PBXNativeTarget "AppStoreViewerTests" */;
			buildPhases = (
				A78E82332177693F007C5FB5 /* Sources */,
				A78E82342177693F007C5FB5 /* Frameworks */,
				A78E82352177693F007C5FB5 /* Resources */,
			);
			buildRules = (
			);
			dependencies = (
				A78E82392177693F007C5FB5 /* PBXTargetDependency */,
			);
			name = AppStoreViewerTests;
			productName = AppStoreViewerTests;
			productReference = A78E82372177693F007C5FB5 /* AppStoreViewerTests.xctest */;
			productType = "com.apple.product-type.bundle.unit-test";
		};
/* End PBXNativeTarget section */

/* Begin PBXProject section */
		A78E821B2177693E007C5FB5 /* Project object */ = {
			isa = PBXProject;
			attributes = {
				LastSwiftUpdateCheck = 1000;
				LastUpgradeCheck = 1000;
				ORGANIZATIONNAME = Viseo;
				TargetAttributes = {
					A78E82222177693E007C5FB5 = {
						CreatedOnToolsVersion = 10.0;
					};
					A78E82362177693F007C5FB5 = {
						CreatedOnToolsVersion = 10.0;
						TestTargetID = A78E82222177693E007C5FB5;
					};
				};
			};
			buildConfigurationList = A78E821E2177693E007C5FB5 /* Build configuration list for PBXProject "AppStoreViewer" */;
			compatibilityVersion = "Xcode 9.3";
			developmentRegion = en;
			hasScannedForEncodings = 0;
			knownRegions = (
				en,
				Base,
			);
			mainGroup = A78E821A2177693E007C5FB5;
			productRefGroup = A78E82242177693E007C5FB5 /* Products */;
			projectDirPath = "";
			projectRoot = "";
			targets = (
				A78E82222177693E007C5FB5 /* AppStoreViewer */,
				A78E82362177693F007C5FB5 /* AppStoreViewerTests */,
			);
		};
/* End PBXProject section */

/* Begin PBXResourcesBuildPhase section */
		A78E82212177693E007C5FB5 /* Resources */ = {
			isa = PBXResourcesBuildPhase;
			buildActionMask = 2147483647;
			files = (
				A78E82312177693F007C5FB5 /* LaunchScreen.storyboard in Resources */,
				A78E822E2177693F007C5FB5 /* Assets.xcassets in Resources */,
			);
			runOnlyForDeploymentPostprocessing = 0;
		};
		A78E82352177693F007C5FB5 /* Resources */ = {
			isa = PBXResourcesBuildPhase;
			buildActionMask = 2147483647;
			files = (
			);
			runOnlyForDeploymentPostprocessing = 0;
		};
/* End PBXResourcesBuildPhase section */

/* Begin PBXSourcesBuildPhase section */
		A78E821F2177693E007C5FB5 /* Sources */ = {
			isa = PBXSourcesBuildPhase;
			buildActionMask = 2147483647;
			files = (
				A78E82292177693E007C5FB5 /* ViewController.swift in Sources */,
				A78E82272177693E007C5FB5 /* AppDelegate.swift in Sources */,
			);
			runOnlyForDeploymentPostprocessing = 0;
		};
		A78E82332177693F007C5FB5 /* Sources */ = {
			isa = PBXSourcesBuildPhase;
			buildActionMask = 2147483647;
			files = (
				A78E823C2177693F007C5FB5 /* AppStoreViewerTests.swift in Sources */,
			);
			runOnlyForDeploymentPostprocessing = 0;
		};
/* End PBXSourcesBuildPhase section */

/* Begin PBXTargetDependency section */
		A78E82392177693F007C5FB5 /* PBXTargetDependency */ = {
			isa = PBXTargetDependency;
			target = A78E82222177693E007C5FB5 /* AppStoreViewer */;
			targetProxy = A78E82382177693F007C5FB5 /* PBXContainerItemProxy */;
		};
/* End PBXTargetDependency section */

/* Begin PBXVariantGroup section */
		A78E822F2177693F007C5FB5 /* LaunchScreen.storyboard */ = {
			isa = PBXVariantGroup;
			children = (
				A78E82302177693F007C5FB5 /* Base */,
			);
			name = LaunchScreen.storyboard;
			sourceTree = "<group>";
		};
/* End PBXVariantGroup section */

/* Begin XCBuildConfiguration section */
		A78E823E2177693F007C5FB5 /* Debug */ = {
			isa = XCBuildConfiguration;
			buildSettings = {
				ALWAYS_SEARCH_USER_PATHS = NO;
				CLANG_ANALYZER_NONNULL = YES;
				CLANG_ANALYZER_NUMBER_OBJECT_CONVERSION = YES_AGGRESSIVE;
				CLANG_CXX_LANGUAGE_STANDARD = "gnu++14";
				CLANG_CXX_LIBRARY = "libc++";
				CLANG_ENABLE_MODULES = YES;
				CLANG_ENABLE_OBJC_ARC = YES;
				CLANG_ENABLE_OBJC_WEAK = YES;
				CLANG_WARN_BLOCK_CAPTURE_AUTORELEASING = YES;
				CLANG_WARN_BOOL_CONVERSION = YES;
				CLANG_WARN_COMMA = YES;
				CLANG_WARN_CONSTANT_CONVERSION = YES;
				CLANG_WARN_DEPRECATED_OBJC_IMPLEMENTATIONS = YES;
				CLANG_WARN_DIRECT_OBJC_ISA_USAGE = YES_ERROR;
				CLANG_WARN_DOCUMENTATION_COMMENTS = YES;
				CLANG_WARN_EMPTY_BODY = YES;
				CLANG_WARN_ENUM_CONVERSION = YES;
				CLANG_WARN_INFINITE_RECURSION = YES;
				CLANG_WARN_INT_CONVERSION = YES;
				CLANG_WARN_NON_LITERAL_NULL_CONVERSION = YES;
				CLANG_WARN_OBJC_IMPLICIT_RETAIN_SELF = YES;
				CLANG_WARN_OBJC_LITERAL_CONVERSION = YES;
				CLANG_WARN_OBJC_ROOT_CLASS = YES_ERROR;
				CLANG_WARN_RANGE_LOOP_ANALYSIS = YES;
				CLANG_WARN_STRICT_PROTOTYPES = YES;
				CLANG_WARN_SUSPICIOUS_MOVE = YES;
				CLANG_WARN_UNGUARDED_AVAILABILITY = YES_AGGRESSIVE;
				CLANG_WARN_UNREACHABLE_CODE = YES;
				CLANG_WARN__DUPLICATE_METHOD_MATCH = YES;
				CODE_SIGN_IDENTITY = "iPhone Developer";
				COPY_PHASE_STRIP = NO;
				DEBUG_INFORMATION_FORMAT = dwarf;
				ENABLE_STRICT_OBJC_MSGSEND = YES;
				ENABLE_TESTABILITY = YES;
				GCC_C_LANGUAGE_STANDARD = gnu11;
				GCC_DYNAMIC_NO_PIC = NO;
				GCC_NO_COMMON_BLOCKS = YES;
				GCC_OPTIMIZATION_LEVEL = 0;
				GCC_PREPROCESSOR_DEFINITIONS = (
					"DEBUG=1",
					"$(inherited)",
				);
				GCC_WARN_64_TO_32_BIT_CONVERSION = YES;
				GCC_WARN_ABOUT_RETURN_TYPE = YES_ERROR;
				GCC_WARN_UNDECLARED_SELECTOR = YES;
				GCC_WARN_UNINITIALIZED_AUTOS = YES_AGGRESSIVE;
				GCC_WARN_UNUSED_FUNCTION = YES;
				GCC_WARN_UNUSED_VARIABLE = YES;
				IPHONEOS_DEPLOYMENT_TARGET = 12.0;
				MTL_ENABLE_DEBUG_INFO = INCLUDE_SOURCE;
				MTL_FAST_MATH = YES;
				ONLY_ACTIVE_ARCH = YES;
				SDKROOT = iphoneos;
				SWIFT_ACTIVE_COMPILATION_CONDITIONS = DEBUG;
				SWIFT_OPTIMIZATION_LEVEL = "-Onone";
			};
			name = Debug;
		};
		A78E823F2177693F007C5FB5 /* Release */ = {
			isa = XCBuildConfiguration;
			buildSettings = {
				ALWAYS_SEARCH_USER_PATHS = NO;
				CLANG_ANALYZER_NONNULL = YES;
				CLANG_ANALYZER_NUMBER_OBJECT_CONVERSION = YES_AGGRESSIVE;
				CLANG_CXX_LANGUAGE_STANDARD = "gnu++14";
				CLANG_CXX_LIBRARY = "libc++";
				CLANG_ENABLE_MODULES = YES;
				CLANG_ENABLE_OBJC_ARC = YES;
				CLANG_ENABLE_OBJC_WEAK = YES;
				CLANG_WARN_BLOCK_CAPTURE_AUTORELEASING = YES;
				CLANG_WARN_BOOL_CONVERSION = YES;
				CLANG_WARN_COMMA = YES;
				CLANG_WARN_CONSTANT_CONVERSION = YES;
				CLANG_WARN_DEPRECATED_OBJC_IMPLEMENTATIONS = YES;
				CLANG_WARN_DIRECT_OBJC_ISA_USAGE = YES_ERROR;
				CLANG_WARN_DOCUMENTATION_COMMENTS = YES;
				CLANG_WARN_EMPTY_BODY = YES;
				CLANG_WARN_ENUM_CONVERSION = YES;
				CLANG_WARN_INFINITE_RECURSION = YES;
				CLANG_WARN_INT_CONVERSION = YES;
				CLANG_WARN_NON_LITERAL_NULL_CONVERSION = YES;
				CLANG_WARN_OBJC_IMPLICIT_RETAIN_SELF = YES;
				CLANG_WARN_OBJC_LITERAL_CONVERSION = YES;
				CLANG_WARN_OBJC_ROOT_CLASS = YES_ERROR;
				CLANG_WARN_RANGE_LOOP_ANALYSIS = YES;
				CLANG_WARN_STRICT_PROTOTYPES = YES;
				CLANG_WARN_SUSPICIOUS_MOVE = YES;
				CLANG_WARN_UNGUARDED_AVAILABILITY = YES_AGGRESSIVE;
				CLANG_WARN_UNREACHABLE_CODE = YES;
				CLANG_WARN__DUPLICATE_METHOD_MATCH = YES;
				CODE_SIGN_IDENTITY = "iPhone Developer";
				COPY_PHASE_STRIP = NO;
				DEBUG_INFORMATION_FORMAT = "dwarf-with-dsym";
				ENABLE_NS_ASSERTIONS = NO;
				ENABLE_STRICT_OBJC_MSGSEND = YES;
				GCC_C_LANGUAGE_STANDARD = gnu11;
				GCC_NO_COMMON_BLOCKS = YES;
				GCC_WARN_64_TO_32_BIT_CONVERSION = YES;
				GCC_WARN_ABOUT_RETURN_TYPE = YES_ERROR;
				GCC_WARN_UNDECLARED_SELECTOR = YES;
				GCC_WARN_UNINITIALIZED_AUTOS = YES_AGGRESSIVE;
				GCC_WARN_UNUSED_FUNCTION = YES;
				GCC_WARN_UNUSED_VARIABLE = YES;
				IPHONEOS_DEPLOYMENT_TARGET = 12.0;
				MTL_ENABLE_DEBUG_INFO = NO;
				MTL_FAST_MATH = YES;
				SDKROOT = iphoneos;
				SWIFT_COMPILATION_MODE = wholemodule;
				SWIFT_OPTIMIZATION_LEVEL = "-O";
				VALIDATE_PRODUCT = YES;
			};
			name = Release;
		};
		A78E82412177693F007C5FB5 /* Debug */ = {
			isa = XCBuildConfiguration;
			buildSettings = {
				ASSETCATALOG_COMPILER_APPICON_NAME = AppIcon;
				CODE_SIGN_STYLE = Automatic;
				DEVELOPMENT_TEAM = C35G5EW7P5;
				INFOPLIST_FILE = "$(SRCROOT)/AppStoreViewer/Supporting Files/Info.plist";
				IPHONEOS_DEPLOYMENT_TARGET = 9.0;
				LD_RUNPATH_SEARCH_PATHS = (
					"$(inherited)",
					"@executable_path/Frameworks",
				);
				PRODUCT_BUNDLE_IDENTIFIER = com.viseo.AppStoreViewer;
				PRODUCT_NAME = "$(TARGET_NAME)";
				SWIFT_VERSION = 4.2;
				TARGETED_DEVICE_FAMILY = "1,2";
			};
			name = Debug;
		};
		A78E82422177693F007C5FB5 /* Release */ = {
			isa = XCBuildConfiguration;
			buildSettings = {
				ASSETCATALOG_COMPILER_APPICON_NAME = AppIcon;
				CODE_SIGN_STYLE = Automatic;
				DEVELOPMENT_TEAM = C35G5EW7P5;
				INFOPLIST_FILE = "$(SRCROOT)/AppStoreViewer/Supporting Files/Info.plist";
				IPHONEOS_DEPLOYMENT_TARGET = 9.0;
				LD_RUNPATH_SEARCH_PATHS = (
					"$(inherited)",
					"@executable_path/Frameworks",
				);
				PRODUCT_BUNDLE_IDENTIFIER = com.viseo.AppStoreViewer;
				PRODUCT_NAME = "$(TARGET_NAME)";
				SWIFT_VERSION = 4.2;
				TARGETED_DEVICE_FAMILY = "1,2";
			};
			name = Release;
		};
		A78E82442177693F007C5FB5 /* Debug */ = {
			isa = XCBuildConfiguration;
			buildSettings = {
				ALWAYS_EMBED_SWIFT_STANDARD_LIBRARIES = YES;
				BUNDLE_LOADER = "$(TEST_HOST)";
				CODE_SIGN_STYLE = Automatic;
				DEVELOPMENT_TEAM = C35G5EW7P5;
				INFOPLIST_FILE = AppStoreViewerTests/Info.plist;
				LD_RUNPATH_SEARCH_PATHS = (
					"$(inherited)",
					"@executable_path/Frameworks",
					"@loader_path/Frameworks",
				);
				PRODUCT_BUNDLE_IDENTIFIER = com.viseo.AppStoreViewerTests;
				PRODUCT_NAME = "$(TARGET_NAME)";
				SWIFT_VERSION = 4.2;
				TARGETED_DEVICE_FAMILY = "1,2";
				TEST_HOST = "$(BUILT_PRODUCTS_DIR)/AppStoreViewer.app/AppStoreViewer";
			};
			name = Debug;
		};
		A78E82452177693F007C5FB5 /* Release */ = {
			isa = XCBuildConfiguration;
			buildSettings = {
				ALWAYS_EMBED_SWIFT_STANDARD_LIBRARIES = YES;
				BUNDLE_LOADER = "$(TEST_HOST)";
				CODE_SIGN_STYLE = Automatic;
				DEVELOPMENT_TEAM = C35G5EW7P5;
				INFOPLIST_FILE = AppStoreViewerTests/Info.plist;
				LD_RUNPATH_SEARCH_PATHS = (
					"$(inherited)",
					"@executable_path/Frameworks",
					"@loader_path/Frameworks",
				);
				PRODUCT_BUNDLE_IDENTIFIER = com.viseo.AppStoreViewerTests;
				PRODUCT_NAME = "$(TARGET_NAME)";
				SWIFT_VERSION = 4.2;
				TARGETED_DEVICE_FAMILY = "1,2";
				TEST_HOST = "$(BUILT_PRODUCTS_DIR)/AppStoreViewer.app/AppStoreViewer";
			};
			name = Release;
		};
/* End XCBuildConfiguration section */

/* Begin XCConfigurationList section */
		A78E821E2177693E007C5FB5 /* Build configuration list for PBXProject "AppStoreViewer" */ = {
			isa = XCConfigurationList;
			buildConfigurations = (
				A78E823E2177693F007C5FB5 /* Debug */,
				A78E823F2177693F007C5FB5 /* Release */,
			);
			defaultConfigurationIsVisible = 0;
			defaultConfigurationName = Release;
		};
		A78E82402177693F007C5FB5 /* Build configuration list for PBXNativeTarget "AppStoreViewer" */ = {
			isa = XCConfigurationList;
			buildConfigurations = (
				A78E82412177693F007C5FB5 /* Debug */,
				A78E82422177693F007C5FB5 /* Release */,
			);
			defaultConfigurationIsVisible = 0;
			defaultConfigurationName = Release;
		};
		A78E82432177693F007C5FB5 /* Build configuration list for PBXNativeTarget "AppStoreViewerTests" */ = {
			isa = XCConfigurationList;
			buildConfigurations = (
				A78E82442177693F007C5FB5 /* Debug */,
				A78E82452177693F007C5FB5 /* Release */,
			);
			defaultConfigurationIsVisible = 0;
			defaultConfigurationName = Release;
		};
/* End XCConfigurationList section */
	};
	rootObject = A78E821B2177693E007C5FB5 /* Project object */;
}
